
Microsoft Visual Studio Solution File, Format Version 12.00
# Visual Studio Version 17
VisualStudioVersion = 17.14.36221.1 d17.14
MinimumVisualStudioVersion = 10.0.40219.1
Project("{FAE04EC0-301F-11D3-BF4B-00C04F79EFBC}") = "first_web", "first_web.csproj", "{57BE74A1-986D-456F-9173-1012935F5A50}"
EndProject
Global
	GlobalSection(SolutionConfigurationPlatforms) = preSolution
		Debug|Any CPU = Debug|Any CPU
		Release|Any CPU = Release|Any CPU
	EndGlobalSection
	GlobalSection(ProjectConfigurationPlatforms) = postSolution
		{57BE74A1-986D-456F-9173-1012935F5A50}.Debug|Any CPU.ActiveCfg = Debug|Any CPU
		{57BE74A1-986D-456F-9173-1012935F5A50}.Debug|Any CPU.Build.0 = Debug|Any CPU
		{57BE74A1-986D-456F-9173-1012935F5A50}.Release|Any CPU.ActiveCfg = Release|Any CPU
		{57BE74A1-986D-456F-9173-1012935F5A50}.Release|Any CPU.Build.0 = Release|Any CPU
	EndGlobalSection
	GlobalSection(SolutionProperties) = preSolution
		HideSolutionNode = FALSE
	EndGlobalSection
	GlobalSection(ExtensibilityGlobals) = postSolution
		SolutionGuid = {C372E89C-CADE-4D80-9313-E4163E64A5D4}
	EndGlobalSection
EndGlobal
